// !$*UTF8*$!
{
	archiveVersion = 1;
	classes = {
	};
	objectVersion = 77;
	objects = {

/* Begin PBXBuildFile section */
		21247F212CD37637006DC1B4 /* StoreKit.framework in Frameworks */ = {isa = PBXBuildFile; fileRef = 21247F202CD37637006DC1B4 /* StoreKit.framework */; };
		21247F2B2CD396A3006DC1B4 /* unlimited.storekit in Resources */ = {isa = PBXBuildFile; fileRef = 21247F2A2CD396A3006DC1B4 /* unlimited.storekit */; };
/* End PBXBuildFile section */

/* Begin PBXContainerItemProxy section */
		2166CD882CCCC841002AE8A5 /* PBXContainerItemProxy */ = {
			isa = PBXContainerItemProxy;
			containerPortal = 2166CD6F2CCCC83E002AE8A5 /* Project object */;
			proxyType = 1;
			remoteGlobalIDString = 2166CD762CCCC83E002AE8A5;
			remoteInfo = "Baby Timely";
		};
		2166CD922CCCC841002AE8A5 /* PBXContainerItemProxy */ = {
			isa = PBXContainerItemProxy;
			containerPortal = 2166CD6F2CCCC83E002AE8A5 /* Project object */;
			proxyType = 1;
			remoteGlobalIDString = 2166CD762CCCC83E002AE8A5;
			remoteInfo = "Baby Timely";
		};
/* End PBXContainerItemProxy section */

/* Begin PBXFileReference section */
		21247F202CD37637006DC1B4 /* StoreKit.framework */ = {isa = PBXFileReference; lastKnownFileType = wrapper.framework; name = StoreKit.framework; path = System/Library/Frameworks/StoreKit.framework; sourceTree = SDKROOT; };
		21247F2A2CD396A3006DC1B4 /* unlimited.storekit */ = {isa = PBXFileReference; lastKnownFileType = text; path = unlimited.storekit; sourceTree = "<group>"; };
		2166CD772CCCC83E002AE8A5 /* Baby Timely.app */ = {isa = PBXFileReference; explicitFileType = wrapper.application; includeInIndex = 0; path = "Baby Timely.app"; sourceTree = BUILT_PRODUCTS_DIR; };
		2166CD872CCCC841002AE8A5 /* Baby TimelyTests.xctest */ = {isa = PBXFileReference; explicitFileType = wrapper.cfbundle; includeInIndex = 0; path = "Baby TimelyTests.xctest"; sourceTree = BUILT_PRODUCTS_DIR; };
		2166CD912CCCC841002AE8A5 /* Baby TimelyUITests.xctest */ = {isa = PBXFileReference; explicitFileType = wrapper.cfbundle; includeInIndex = 0; path = "Baby TimelyUITests.xctest"; sourceTree = BUILT_PRODUCTS_DIR; };
/* End PBXFileReference section */

/* Begin PBXFileSystemSynchronizedRootGroup section */
		2166CD792CCCC83E002AE8A5 /* Baby Timely */ = {
			isa = PBXFileSystemSynchronizedRootGroup;
			path = "Baby Timely";
			sourceTree = "<group>";
		};
		2166CD8A2CCCC841002AE8A5 /* Baby TimelyTests */ = {
			isa = PBXFileSystemSynchronizedRootGroup;
			path = "Baby TimelyTests";
			sourceTree = "<group>";
		};
		2166CD942CCCC841002AE8A5 /* Baby TimelyUITests */ = {
			isa = PBXFileSystemSynchronizedRootGroup;
			path = "Baby TimelyUITests";
			sourceTree = "<group>";
		};
/* End PBXFileSystemSynchronizedRootGroup section */

/* Begin PBXFrameworksBuildPhase section */
		2166CD742CCCC83E002AE8A5 /* Frameworks */ = {
			isa = PBXFrameworksBuildPhase;
			buildActionMask = 2147483647;
			files = (
				21247F212CD37637006DC1B4 /* StoreKit.framework in Frameworks */,
			);
			runOnlyForDeploymentPostprocessing = 0;
		};
		2166CD842CCCC841002AE8A5 /* Frameworks */ = {
			isa = PBXFrameworksBuildPhase;
			buildActionMask = 2147483647;
			files = (
			);
			runOnlyForDeploymentPostprocessing = 0;
		};
		2166CD8E2CCCC841002AE8A5 /* Frameworks */ = {
			isa = PBXFrameworksBuildPhase;
			buildActionMask = 2147483647;
			files = (
			);
			runOnlyForDeploymentPostprocessing = 0;
		};
/* End PBXFrameworksBuildPhase section */

/* Begin PBXGroup section */
		21247F1F2CD37637006DC1B4 /* Frameworks */ = {
			isa = PBXGroup;
			children = (
				21247F202CD37637006DC1B4 /* StoreKit.framework */,
			);
			name = Frameworks;
			sourceTree = "<group>";
		};
		2166CD6E2CCCC83E002AE8A5 = {
			isa = PBXGroup;
			children = (
				21247F2A2CD396A3006DC1B4 /* unlimited.storekit */,
				2166CD792CCCC83E002AE8A5 /* Baby Timely */,
				2166CD8A2CCCC841002AE8A5 /* Baby TimelyTests */,
				2166CD942CCCC841002AE8A5 /* Baby TimelyUITests */,
				21247F1F2CD37637006DC1B4 /* Frameworks */,
				2166CD782CCCC83E002AE8A5 /* Products */,
			);
			sourceTree = "<group>";
		};
		2166CD782CCCC83E002AE8A5 /* Products */ = {
			isa = PBXGroup;
			children = (
				2166CD772CCCC83E002AE8A5 /* Baby Timely.app */,
				2166CD872CCCC841002AE8A5 /* Baby TimelyTests.xctest */,
				2166CD912CCCC841002AE8A5 /* Baby TimelyUITests.xctest */,
			);
			name = Products;
			sourceTree = "<group>";
		};
/* End PBXGroup section */

/* Begin PBXNativeTarget section */
		2166CD762CCCC83E002AE8A5 /* Baby Timely */ = {
			isa = PBXNativeTarget;
			buildConfigurationList = 2166CD9B2CCCC841002AE8A5 /* Build configuration list for PBXNativeTarget "Baby Timely" */;
			buildPhases = (
				2166CD732CCCC83E002AE8A5 /* Sources */,
				2166CD742CCCC83E002AE8A5 /* Frameworks */,
				2166CD752CCCC83E002AE8A5 /* Resources */,
			);
			buildRules = (
			);
			dependencies = (
			);
			fileSystemSynchronizedGroups = (
				2166CD792CCCC83E002AE8A5 /* Baby Timely */,
			);
			name = "Baby Timely";
			packageProductDependencies = (
			);
			productName = "Baby Timely";
			productReference = 2166CD772CCCC83E002AE8A5 /* Baby Timely.app */;
			productType = "com.apple.product-type.application";
		};
		2166CD862CCCC841002AE8A5 /* Baby TimelyTests */ = {
			isa = PBXNativeTarget;
			buildConfigurationList = 2166CD9E2CCCC841002AE8A5 /* Build configuration list for PBXNativeTarget "Baby TimelyTests" */;
			buildPhases = (
				2166CD832CCCC841002AE8A5 /* Sources */,
				2166CD842CCCC841002AE8A5 /* Frameworks */,
				2166CD852CCCC841002AE8A5 /* Resources */,
			);
			buildRules = (
			);
			dependencies = (
				2166CD892CCCC841002AE8A5 /* PBXTargetDependency */,
			);
			fileSystemSynchronizedGroups = (
				2166CD8A2CCCC841002AE8A5 /* Baby TimelyTests */,
			);
			name = "Baby TimelyTests";
			packageProductDependencies = (
			);
			productName = "Baby TimelyTests";
			productReference = 2166CD872CCCC841002AE8A5 /* Baby TimelyTests.xctest */;
			productType = "com.apple.product-type.bundle.unit-test";
		};
		2166CD902CCCC841002AE8A5 /* Baby TimelyUITests */ = {
			isa = PBXNativeTarget;
			buildConfigurationList = 2166CDA12CCCC841002AE8A5 /* Build configuration list for PBXNativeTarget "Baby TimelyUITests" */;
			buildPhases = (
				2166CD8D2CCCC841002AE8A5 /* Sources */,
				2166CD8E2CCCC841002AE8A5 /* Frameworks */,
				2166CD8F2CCCC841002AE8A5 /* Resources */,
			);
			buildRules = (
			);
			dependencies = (
				2166CD932CCCC841002AE8A5 /* PBXTargetDependency */,
			);
			fileSystemSynchronizedGroups = (
				2166CD942CCCC841002AE8A5 /* Baby TimelyUITests */,
			);
			name = "Baby TimelyUITests";
			packageProductDependencies = (
			);
			productName = "Baby TimelyUITests";
			productReference = 2166CD912CCCC841002AE8A5 /* Baby TimelyUITests.xctest */;
			productType = "com.apple.product-type.bundle.ui-testing";
		};
/* End PBXNativeTarget section */

/* Begin PBXProject section */
		2166CD6F2CCCC83E002AE8A5 /* Project object */ = {
			isa = PBXProject;
			attributes = {
				BuildIndependentTargetsInParallel = 1;
				LastSwiftUpdateCheck = 1600;
				LastUpgradeCheck = 1600;
				TargetAttributes = {
					2166CD762CCCC83E002AE8A5 = {
						CreatedOnToolsVersion = 16.0;
					};
					2166CD862CCCC841002AE8A5 = {
						CreatedOnToolsVersion = 16.0;
						TestTargetID = 2166CD762CCCC83E002AE8A5;
					};
					2166CD902CCCC841002AE8A5 = {
						CreatedOnToolsVersion = 16.0;
						TestTargetID = 2166CD762CCCC83E002AE8A5;
					};
				};
			};
			buildConfigurationList = 2166CD722CCCC83E002AE8A5 /* Build configuration list for PBXProject "Baby Timely" */;
			developmentRegion = en;
			hasScannedForEncodings = 0;
			knownRegions = (
				en,
				Base,
			);
			mainGroup = 2166CD6E2CCCC83E002AE8A5;
			minimizedProjectReferenceProxies = 1;
			preferredProjectObjectVersion = 77;
			productRefGroup = 2166CD782CCCC83E002AE8A5 /* Products */;
			projectDirPath = "";
			projectRoot = "";
			targets = (
				2166CD762CCCC83E002AE8A5 /* Baby Timely */,
				2166CD862CCCC841002AE8A5 /* Baby TimelyTests */,
				2166CD902CCCC841002AE8A5 /* Baby TimelyUITests */,
			);
		};
/* End PBXProject section */

/* Begin PBXResourcesBuildPhase section */
		2166CD752CCCC83E002AE8A5 /* Resources */ = {
			isa = PBXResourcesBuildPhase;
			buildActionMask = 2147483647;
			files = (
				21247F2B2CD396A3006DC1B4 /* unlimited.storekit in Resources */,
			);
			runOnlyForDeploymentPostprocessing = 0;
		};
		2166CD852CCCC841002AE8A5 /* Resources */ = {
			isa = PBXResourcesBuildPhase;
			buildActionMask = 2147483647;
			files = (
			);
			runOnlyForDeploymentPostprocessing = 0;
		};
		2166CD8F2CCCC841002AE8A5 /* Resources */ = {
			isa = PBXResourcesBuildPhase;
			buildActionMask = 2147483647;
			files = (
			);
			runOnlyForDeploymentPostprocessing = 0;
		};
/* End PBXResourcesBuildPhase section */

/* Begin PBXSourcesBuildPhase section */
		2166CD732CCCC83E002AE8A5 /* Sources */ = {
			isa = PBXSourcesBuildPhase;
			buildActionMask = 2147483647;
			files = (
			);
			runOnlyForDeploymentPostprocessing = 0;
		};
		2166CD832CCCC841002AE8A5 /* Sources */ = {
			isa = PBXSourcesBuildPhase;
			buildActionMask = 2147483647;
			files = (
			);
			runOnlyForDeploymentPostprocessing = 0;
		};
		2166CD8D2CCCC841002AE8A5 /* Sources */ = {
			isa = PBXSourcesBuildPhase;
			buildActionMask = 2147483647;
			files = (
			);
			runOnlyForDeploymentPostprocessing = 0;
		};
/* End PBXSourcesBuildPhase section */

/* Begin PBXTargetDependency section */
		2166CD892CCCC841002AE8A5 /* PBXTargetDependency */ = {
			isa = PBXTargetDependency;
			target = 2166CD762CCCC83E002AE8A5 /* Baby Timely */;
			targetProxy = 2166CD882CCCC841002AE8A5 /* PBXContainerItemProxy */;
		};
		2166CD932CCCC841002AE8A5 /* PBXTargetDependency */ = {
			isa = PBXTargetDependency;
			target = 2166CD762CCCC83E002AE8A5 /* Baby Timely */;
			targetProxy = 2166CD922CCCC841002AE8A5 /* PBXContainerItemProxy */;
		};
/* End PBXTargetDependency section */

/* Begin XCBuildConfiguration section */
		2166CD992CCCC841002AE8A5 /* Debug */ = {
			isa = XCBuildConfiguration;
			buildSettings = {
				ALWAYS_SEARCH_USER_PATHS = NO;
				ASSETCATALOG_COMPILER_GENERATE_SWIFT_ASSET_SYMBOL_EXTENSIONS = YES;
				CLANG_ANALYZER_NONNULL = YES;
				CLANG_ANALYZER_NUMBER_OBJECT_CONVERSION = YES_AGGRESSIVE;
				CLANG_CXX_LANGUAGE_STANDARD = "gnu++20";
				CLANG_ENABLE_MODULES = YES;
				CLANG_ENABLE_OBJC_ARC = YES;
				CLANG_ENABLE_OBJC_WEAK = YES;
				CLANG_WARN_BLOCK_CAPTURE_AUTORELEASING = YES;
				CLANG_WARN_BOOL_CONVERSION = YES;
				CLANG_WARN_COMMA = YES;
				CLANG_WARN_CONSTANT_CONVERSION = YES;
				CLANG_WARN_DEPRECATED_OBJC_IMPLEMENTATIONS = YES;
				CLANG_WARN_DIRECT_OBJC_ISA_USAGE = YES_ERROR;
				CLANG_WARN_DOCUMENTATION_COMMENTS = YES;
				CLANG_WARN_EMPTY_BODY = YES;
				CLANG_WARN_ENUM_CONVERSION = YES;
				CLANG_WARN_INFINITE_RECURSION = YES;
				CLANG_WARN_INT_CONVERSION = YES;
				CLANG_WARN_NON_LITERAL_NULL_CONVERSION = YES;
				CLANG_WARN_OBJC_IMPLICIT_RETAIN_SELF = YES;
				CLANG_WARN_OBJC_LITERAL_CONVERSION = YES;
				CLANG_WARN_OBJC_ROOT_CLASS = YES_ERROR;
				CLANG_WARN_QUOTED_INCLUDE_IN_FRAMEWORK_HEADER = YES;
				CLANG_WARN_RANGE_LOOP_ANALYSIS = YES;
				CLANG_WARN_STRICT_PROTOTYPES = YES;
				CLANG_WARN_SUSPICIOUS_MOVE = YES;
				CLANG_WARN_UNGUARDED_AVAILABILITY = YES_AGGRESSIVE;
				CLANG_WARN_UNREACHABLE_CODE = YES;
				CLANG_WARN__DUPLICATE_METHOD_MATCH = YES;
				COPY_PHASE_STRIP = NO;
				DEBUG_INFORMATION_FORMAT = dwarf;
				ENABLE_STRICT_OBJC_MSGSEND = YES;
				ENABLE_TESTABILITY = YES;
				ENABLE_USER_SCRIPT_SANDBOXING = YES;
				GCC_C_LANGUAGE_STANDARD = gnu17;
				GCC_DYNAMIC_NO_PIC = NO;
				GCC_NO_COMMON_BLOCKS = YES;
				GCC_OPTIMIZATION_LEVEL = 0;
				GCC_PREPROCESSOR_DEFINITIONS = (
					"DEBUG=1",
					"$(inherited)",
				);
				GCC_WARN_64_TO_32_BIT_CONVERSION = YES;
				GCC_WARN_ABOUT_RETURN_TYPE = YES_ERROR;
				GCC_WARN_UNDECLARED_SELECTOR = YES;
				GCC_WARN_UNINITIALIZED_AUTOS = YES_AGGRESSIVE;
				GCC_WARN_UNUSED_FUNCTION = YES;
				GCC_WARN_UNUSED_VARIABLE = YES;
				IPHONEOS_DEPLOYMENT_TARGET = 18.0;
				LOCALIZATION_PREFERS_STRING_CATALOGS = YES;
				MTL_ENABLE_DEBUG_INFO = INCLUDE_SOURCE;
				MTL_FAST_MATH = YES;
				ONLY_ACTIVE_ARCH = YES;
				SDKROOT = iphoneos;
				SWIFT_ACTIVE_COMPILATION_CONDITIONS = "DEBUG $(inherited)";
				SWIFT_OPTIMIZATION_LEVEL = "-Onone";
			};
			name = Debug;
		};
		2166CD9A2CCCC841002AE8A5 /* Release */ = {
			isa = XCBuildConfiguration;
			buildSettings = {
				ALWAYS_SEARCH_USER_PATHS = NO;
				ASSETCATALOG_COMPILER_GENERATE_SWIFT_ASSET_SYMBOL_EXTENSIONS = YES;
				CLANG_ANALYZER_NONNULL = YES;
				CLANG_ANALYZER_NUMBER_OBJECT_CONVERSION = YES_AGGRESSIVE;
				CLANG_CXX_LANGUAGE_STANDARD = "gnu++20";
				CLANG_ENABLE_MODULES = YES;
				CLANG_ENABLE_OBJC_ARC = YES;
				CLANG_ENABLE_OBJC_WEAK = YES;
				CLANG_WARN_BLOCK_CAPTURE_AUTORELEASING = YES;
				CLANG_WARN_BOOL_CONVERSION = YES;
				CLANG_WARN_COMMA = YES;
				CLANG_WARN_CONSTANT_CONVERSION = YES;
				CLANG_WARN_DEPRECATED_OBJC_IMPLEMENTATIONS = YES;
				CLANG_WARN_DIRECT_OBJC_ISA_USAGE = YES_ERROR;
				CLANG_WARN_DOCUMENTATION_COMMENTS = YES;
				CLANG_WARN_EMPTY_BODY = YES;
				CLANG_WARN_ENUM_CONVERSION = YES;
				CLANG_WARN_INFINITE_RECURSION = YES;
				CLANG_WARN_INT_CONVERSION = YES;
				CLANG_WARN_NON_LITERAL_NULL_CONVERSION = YES;
				CLANG_WARN_OBJC_IMPLICIT_RETAIN_SELF = YES;
				CLANG_WARN_OBJC_LITERAL_CONVERSION = YES;
				CLANG_WARN_OBJC_ROOT_CLASS = YES_ERROR;
				CLANG_WARN_QUOTED_INCLUDE_IN_FRAMEWORK_HEADER = YES;
				CLANG_WARN_RANGE_LOOP_ANALYSIS = YES;
				CLANG_WARN_STRICT_PROTOTYPES = YES;
				CLANG_WARN_SUSPICIOUS_MOVE = YES;
				CLANG_WARN_UNGUARDED_AVAILABILITY = YES_AGGRESSIVE;
				CLANG_WARN_UNREACHABLE_CODE = YES;
				CLANG_WARN__DUPLICATE_METHOD_MATCH = YES;
				COPY_PHASE_STRIP = NO;
				DEBUG_INFORMATION_FORMAT = "dwarf-with-dsym";
				ENABLE_NS_ASSERTIONS = NO;
				ENABLE_STRICT_OBJC_MSGSEND = YES;
				ENABLE_USER_SCRIPT_SANDBOXING = YES;
				GCC_C_LANGUAGE_STANDARD = gnu17;
				GCC_NO_COMMON_BLOCKS = YES;
				GCC_WARN_64_TO_32_BIT_CONVERSION = YES;
				GCC_WARN_ABOUT_RETURN_TYPE = YES_ERROR;
				GCC_WARN_UNDECLARED_SELECTOR = YES;
				GCC_WARN_UNINITIALIZED_AUTOS = YES_AGGRESSIVE;
				GCC_WARN_UNUSED_FUNCTION = YES;
				GCC_WARN_UNUSED_VARIABLE = YES;
				IPHONEOS_DEPLOYMENT_TARGET = 18.0;
				LOCALIZATION_PREFERS_STRING_CATALOGS = YES;
				MTL_ENABLE_DEBUG_INFO = NO;
				MTL_FAST_MATH = YES;
				SDKROOT = iphoneos;
				SWIFT_COMPILATION_MODE = wholemodule;
				VALIDATE_PRODUCT = YES;
			};
			name = Release;
		};
		2166CD9C2CCCC841002AE8A5 /* Debug */ = {
			isa = XCBuildConfiguration;
			buildSettings = {
				ASSETCATALOG_COMPILER_APPICON_NAME = AppIcon;
				ASSETCATALOG_COMPILER_GLOBAL_ACCENT_COLOR_NAME = AccentColor;
				CODE_SIGN_STYLE = Automatic;
				CURRENT_PROJECT_VERSION = 1.2;
				DEVELOPMENT_ASSET_PATHS = "\"Baby Timely/Preview Content\"";
				DEVELOPMENT_TEAM = L295MT4VTH;
				ENABLE_PREVIEWS = YES;
				GENERATE_INFOPLIST_FILE = YES;
				INFOPLIST_KEY_UIApplicationSceneManifest_Generation = YES;
				INFOPLIST_KEY_UIApplicationSupportsIndirectInputEvents = YES;
				INFOPLIST_KEY_UILaunchScreen_Generation = YES;
				INFOPLIST_KEY_UISupportedInterfaceOrientations_iPad = "UIInterfaceOrientationPortrait UIInterfaceOrientationPortraitUpsideDown UIInterfaceOrientationLandscapeLeft UIInterfaceOrientationLandscapeRight";
				INFOPLIST_KEY_UISupportedInterfaceOrientations_iPhone = "UIInterfaceOrientationPortrait UIInterfaceOrientationLandscapeLeft UIInterfaceOrientationLandscapeRight";
				IPHONEOS_DEPLOYMENT_TARGET = 14.0;
				LD_RUNPATH_SEARCH_PATHS = (
					"$(inherited)",
					"@executable_path/Frameworks",
				);
				MARKETING_VERSION = 1.2;
				PRODUCT_BUNDLE_IDENTIFIER = "PieterNatanael.Baby-Timely";
				PRODUCT_NAME = "$(TARGET_NAME)";
				SWIFT_EMIT_LOC_STRINGS = YES;
				SWIFT_VERSION = 5.0;
				TARGETED_DEVICE_FAMILY = "1,2";
			};
			name = Debug;
		};
		2166CD9D2CCCC841002AE8A5 /* Release */ = {
			isa = XCBuildConfiguration;
			buildSettings = {
				ASSETCATALOG_COMPILER_APPICON_NAME = AppIcon;
				ASSETCATALOG_COMPILER_GLOBAL_ACCENT_COLOR_NAME = AccentColor;
				CODE_SIGN_STYLE = Automatic;
				CURRENT_PROJECT_VERSION = 1.2;
				DEVELOPMENT_ASSET_PATHS = "\"Baby Timely/Preview Content\"";
				DEVELOPMENT_TEAM = L295MT4VTH;
				ENABLE_PREVIEWS = YES;
				GENERATE_INFOPLIST_FILE = YES;
				INFOPLIST_KEY_UIApplicationSceneManifest_Generation = YES;
				INFOPLIST_KEY_UIApplicationSupportsIndirectInputEvents = YES;
				INFOPLIST_KEY_UILaunchScreen_Generation = YES;
				INFOPLIST_KEY_UISupportedInterfaceOrientations_iPad = "UIInterfaceOrientationPortrait UIInterfaceOrientationPortraitUpsideDown UIInterfaceOrientationLandscapeLeft UIInterfaceOrientationLandscapeRight";
				INFOPLIST_KEY_UISupportedInterfaceOrientations_iPhone = "UIInterfaceOrientationPortrait UIInterfaceOrientationLandscapeLeft UIInterfaceOrientationLandscapeRight";
				IPHONEOS_DEPLOYMENT_TARGET = 14.0;
				LD_RUNPATH_SEARCH_PATHS = (
					"$(inherited)",
					"@executable_path/Frameworks",
				);
				MARKETING_VERSION = 1.2;
				PRODUCT_BUNDLE_IDENTIFIER = "PieterNatanael.Baby-Timely";
				PRODUCT_NAME = "$(TARGET_NAME)";
				SWIFT_EMIT_LOC_STRINGS = YES;
				SWIFT_VERSION = 5.0;
				TARGETED_DEVICE_FAMILY = "1,2";
			};
			name = Release;
		};
		2166CD9F2CCCC841002AE8A5 /* Debug */ = {
			isa = XCBuildConfiguration;
			buildSettings = {
				BUNDLE_LOADER = "$(TEST_HOST)";
				CODE_SIGN_STYLE = Automatic;
				CURRENT_PROJECT_VERSION = 1;
				DEVELOPMENT_TEAM = L295MT4VTH;
				GENERATE_INFOPLIST_FILE = YES;
				IPHONEOS_DEPLOYMENT_TARGET = 18.0;
				MARKETING_VERSION = 1.0;
				PRODUCT_BUNDLE_IDENTIFIER = "PieterNatanael.Baby-TimelyTests";
				PRODUCT_NAME = "$(TARGET_NAME)";
				SWIFT_EMIT_LOC_STRINGS = NO;
				SWIFT_VERSION = 5.0;
				TARGETED_DEVICE_FAMILY = "1,2";
				TEST_HOST = "$(BUILT_PRODUCTS_DIR)/Baby Timely.app/$(BUNDLE_EXECUTABLE_FOLDER_PATH)/Baby Timely";
			};
			name = Debug;
		};
		2166CDA02CCCC841002AE8A5 /* Release */ = {
			isa = XCBuildConfiguration;
			buildSettings = {
				BUNDLE_LOADER = "$(TEST_HOST)";
				CODE_SIGN_STYLE = Automatic;
				CURRENT_PROJECT_VERSION = 1;
				DEVELOPMENT_TEAM = L295MT4VTH;
				GENERATE_INFOPLIST_FILE = YES;
				IPHONEOS_DEPLOYMENT_TARGET = 18.0;
				MARKETING_VERSION = 1.0;
				PRODUCT_BUNDLE_IDENTIFIER = "PieterNatanael.Baby-TimelyTests";
				PRODUCT_NAME = "$(TARGET_NAME)";
				SWIFT_EMIT_LOC_STRINGS = NO;
				SWIFT_VERSION = 5.0;
				TARGETED_DEVICE_FAMILY = "1,2";
				TEST_HOST = "$(BUILT_PRODUCTS_DIR)/Baby Timely.app/$(BUNDLE_EXECUTABLE_FOLDER_PATH)/Baby Timely";
			};
			name = Release;
		};
		2166CDA22CCCC841002AE8A5 /* Debug */ = {
			isa = XCBuildConfiguration;
			buildSettings = {
				CODE_SIGN_STYLE = Automatic;
				CURRENT_PROJECT_VERSION = 1;
				DEVELOPMENT_TEAM = L295MT4VTH;
				GENERATE_INFOPLIST_FILE = YES;
				MARKETING_VERSION = 1.0;
				PRODUCT_BUNDLE_IDENTIFIER = "PieterNatanael.Baby-TimelyUITests";
				PRODUCT_NAME = "$(TARGET_NAME)";
				SWIFT_EMIT_LOC_STRINGS = NO;
				SWIFT_VERSION = 5.0;
				TARGETED_DEVICE_FAMILY = "1,2";
				TEST_TARGET_NAME = "Baby Timely";
			};
			name = Debug;
		};
		2166CDA32CCCC841002AE8A5 /* Release */ = {
			isa = XCBuildConfiguration;
			buildSettings = {
				CODE_SIGN_STYLE = Automatic;
				CURRENT_PROJECT_VERSION = 1;
				DEVELOPMENT_TEAM = L295MT4VTH;
				GENERATE_INFOPLIST_FILE = YES;
				MARKETING_VERSION = 1.0;
				PRODUCT_BUNDLE_IDENTIFIER = "PieterNatanael.Baby-TimelyUITests";
				PRODUCT_NAME = "$(TARGET_NAME)";
				SWIFT_EMIT_LOC_STRINGS = NO;
				SWIFT_VERSION = 5.0;
				TARGETED_DEVICE_FAMILY = "1,2";
				TEST_TARGET_NAME = "Baby Timely";
			};
			name = Release;
		};
/* End XCBuildConfiguration section */

/* Begin XCConfigurationList section */
		2166CD722CCCC83E002AE8A5 /* Build configuration list for PBXProject "Baby Timely" */ = {
			isa = XCConfigurationList;
			buildConfigurations = (
				2166CD992CCCC841002AE8A5 /* Debug */,
				2166CD9A2CCCC841002AE8A5 /* Release */,
			);
			defaultConfigurationIsVisible = 0;
			defaultConfigurationName = Release;
		};
		2166CD9B2CCCC841002AE8A5 /* Build configuration list for PBXNativeTarget "Baby Timely" */ = {
			isa = XCConfigurationList;
			buildConfigurations = (
				2166CD9C2CCCC841002AE8A5 /* Debug */,
				2166CD9D2CCCC841002AE8A5 /* Release */,
			);
			defaultConfigurationIsVisible = 0;
			defaultConfigurationName = Release;
		};
		2166CD9E2CCCC841002AE8A5 /* Build configuration list for PBXNativeTarget "Baby TimelyTests" */ = {
			isa = XCConfigurationList;
			buildConfigurations = (
				2166CD9F2CCCC841002AE8A5 /* Debug */,
				2166CDA02CCCC841002AE8A5 /* Release */,
			);
			defaultConfigurationIsVisible = 0;
			defaultConfigurationName = Release;
		};
		2166CDA12CCCC841002AE8A5 /* Build configuration list for PBXNativeTarget "Baby TimelyUITests" */ = {
			isa = XCConfigurationList;
			buildConfigurations = (
				2166CDA22CCCC841002AE8A5 /* Debug */,
				2166CDA32CCCC841002AE8A5 /* Release */,
			);
			defaultConfigurationIsVisible = 0;
			defaultConfigurationName = Release;
		};
/* End XCConfigurationList section */
	};
	rootObject = 2166CD6F2CCCC83E002AE8A5 /* Project object */;
}
